
Microsoft Visual Studio Solution File, Format Version 12.00
# Visual Studio Version 16
VisualStudioVersion = 16.0.31019.35
MinimumVisualStudioVersion = 10.0.40219.1
Project("{FAE04EC0-301F-11D3-BF4B-00C04F79EFBC}") = "TestNetCoreDocker", "TestNetCoreDocker\TestNetCoreDocker.csproj", "{D1E02CA7-60A0-4A51-817C-360BA9CC9BFD}"
EndProject
Global
	GlobalSection(SolutionConfigurationPlatforms) = preSolution
		Debug|Any CPU = Debug|Any CPU
		Release|Any CPU = Release|Any CPU
	EndGlobalSection
	GlobalSection(ProjectConfigurationPlatforms) = postSolution
		{D1E02CA7-60A0-4A51-817C-360BA9CC9BFD}.Debug|Any CPU.ActiveCfg = Debug|Any CPU
		{D1E02CA7-60A0-4A51-817C-360BA9CC9BFD}.Debug|Any CPU.Build.0 = Debug|Any CPU
		{D1E02CA7-60A0-4A51-817C-360BA9CC9BFD}.Release|Any CPU.ActiveCfg = Release|Any CPU
		{D1E02CA7-60A0-4A51-817C-360BA9CC9BFD}.Release|Any CPU.Build.0 = Release|Any CPU
	EndGlobalSection
	GlobalSection(SolutionProperties) = preSolution
		HideSolutionNode = FALSE
	EndGlobalSection
	GlobalSection(ExtensibilityGlobals) = postSolution
		SolutionGuid = {65BFBE04-957F-444D-8501-780AB7C28A32}
	EndGlobalSection
EndGlobal
